
Microsoft Visual Studio Solution File, Format Version 12.00
# Visual Studio Version 17
VisualStudioVersion = 17.0.31903.59
MinimumVisualStudioVersion = 10.0.40219.1
Project("{FAE04EC0-301F-11D3-BF4B-00C04F79EFBC}") = "CloudCustomers.API", "CloudCustomers.API\CloudCustomers.API.csproj", "{934F72BE-B704-426F-94F7-A71B75CF27D6}"
EndProject
Project("{FAE04EC0-301F-11D3-BF4B-00C04F79EFBC}") = "CloudCustomers.UnitTests", "CloudCustomers.UnitTests\CloudCustomers.UnitTests.csproj", "{DAD4E368-CE84-4DB2-8F7A-6208E649D965}"
EndProject
Global
	GlobalSection(SolutionConfigurationPlatforms) = preSolution
		Debug|Any CPU = Debug|Any CPU
		Release|Any CPU = Release|Any CPU
	EndGlobalSection
	GlobalSection(SolutionProperties) = preSolution
		HideSolutionNode = FALSE
	EndGlobalSection
	GlobalSection(ProjectConfigurationPlatforms) = postSolution
		{934F72BE-B704-426F-94F7-A71B75CF27D6}.Debug|Any CPU.ActiveCfg = Debug|Any CPU
		{934F72BE-B704-426F-94F7-A71B75CF27D6}.Debug|Any CPU.Build.0 = Debug|Any CPU
		{934F72BE-B704-426F-94F7-A71B75CF27D6}.Release|Any CPU.ActiveCfg = Release|Any CPU
		{934F72BE-B704-426F-94F7-A71B75CF27D6}.Release|Any CPU.Build.0 = Release|Any CPU
		{DAD4E368-CE84-4DB2-8F7A-6208E649D965}.Debug|Any CPU.ActiveCfg = Debug|Any CPU
		{DAD4E368-CE84-4DB2-8F7A-6208E649D965}.Debug|Any CPU.Build.0 = Debug|Any CPU
		{DAD4E368-CE84-4DB2-8F7A-6208E649D965}.Release|Any CPU.ActiveCfg = Release|Any CPU
		{DAD4E368-CE84-4DB2-8F7A-6208E649D965}.Release|Any CPU.Build.0 = Release|Any CPU
	EndGlobalSection
EndGlobal
